<Solution>
  <Folder Name="/.github/workflows/">
    <File Path=".github/workflows/build-and-publish.yml" />
  </Folder>
  <Folder Name="/ChangeLogs/">
    <File Path="ChangeLogs/1.0.0-ChangeLog.md" />
  </Folder>
  <Folder Name="/Tests/">
    <Project Path="Tests/ConsoleTable.Text.Tests/ConsoleTable.Text.Tests.csproj" />
  </Folder>
  <Project Path="ConsoleTable.Text.Examples/ConsoleTable.Text.Examples.csproj" />
  <Project Path="ConsoleTable.Text/ConsoleTable.Text.csproj" />
</Solution>
