
Microsoft Visual Studio Solution File, Format Version 12.00
# Visual Studio 15
VisualStudioVersion = 15.0.28307.136
MinimumVisualStudioVersion = 10.0.40219.1
Project("{FAE04EC0-301F-11D3-BF4B-00C04F79EFBC}") = "ConsoleTable", "ConsoleTable\ConsoleTable.csproj", "{1B724353-6A35-48E2-B082-68F14BE07A44}"
EndProject
Project("{2150E333-8FDC-42A3-9474-1A3956D46DE8}") = "Test", "Test", "{252AC0B2-AE7D-4714-AFE9-6AAB82DA366A}"
EndProject
Project("{FAE04EC0-301F-11D3-BF4B-00C04F79EFBC}") = "ConsoleTableTest", "Test\ConsoleTableTest\ConsoleTableTest.csproj", "{17B9A79D-5F26-4BB0-8F98-EC55C11BF2CB}"
EndProject
Project("{FAE04EC0-301F-11D3-BF4B-00C04F79EFBC}") = "ConsoleTable.Tests", "Test\ConsoleTable.Tests\ConsoleTable.Tests.csproj", "{A62EC91C-49E8-44B8-9012-48E2978C728D}"
EndProject
Global
	GlobalSection(SolutionConfigurationPlatforms) = preSolution
		Debug|Any CPU = Debug|Any CPU
		Debug|x64 = Debug|x64
		Debug|x86 = Debug|x86
		Release|Any CPU = Release|Any CPU
		Release|x64 = Release|x64
		Release|x86 = Release|x86
	EndGlobalSection
	GlobalSection(ProjectConfigurationPlatforms) = postSolution
		{1B724353-6A35-48E2-B082-68F14BE07A44}.Debug|Any CPU.ActiveCfg = Debug|Any CPU
		{1B724353-6A35-48E2-B082-68F14BE07A44}.Debug|Any CPU.Build.0 = Debug|Any CPU
		{1B724353-6A35-48E2-B082-68F14BE07A44}.Debug|x64.ActiveCfg = Debug|Any CPU
		{1B724353-6A35-48E2-B082-68F14BE07A44}.Debug|x64.Build.0 = Debug|Any CPU
		{1B724353-6A35-48E2-B082-68F14BE07A44}.Debug|x86.ActiveCfg = Debug|Any CPU
		{1B724353-6A35-48E2-B082-68F14BE07A44}.Debug|x86.Build.0 = Debug|Any CPU
		{1B724353-6A35-48E2-B082-68F14BE07A44}.Release|Any CPU.ActiveCfg = Release|Any CPU
		{1B724353-6A35-48E2-B082-68F14BE07A44}.Release|Any CPU.Build.0 = Release|Any CPU
		{1B724353-6A35-48E2-B082-68F14BE07A44}.Release|x64.ActiveCfg = Release|Any CPU
		{1B724353-6A35-48E2-B082-68F14BE07A44}.Release|x64.Build.0 = Release|Any CPU
		{1B724353-6A35-48E2-B082-68F14BE07A44}.Release|x86.ActiveCfg = Release|Any CPU
		{1B724353-6A35-48E2-B082-68F14BE07A44}.Release|x86.Build.0 = Release|Any CPU
		{17B9A79D-5F26-4BB0-8F98-EC55C11BF2CB}.Debug|Any CPU.ActiveCfg = Debug|Any CPU
		{17B9A79D-5F26-4BB0-8F98-EC55C11BF2CB}.Debug|Any CPU.Build.0 = Debug|Any CPU
		{17B9A79D-5F26-4BB0-8F98-EC55C11BF2CB}.Debug|x64.ActiveCfg = Debug|Any CPU
		{17B9A79D-5F26-4BB0-8F98-EC55C11BF2CB}.Debug|x64.Build.0 = Debug|Any CPU
		{17B9A79D-5F26-4BB0-8F98-EC55C11BF2CB}.Debug|x86.ActiveCfg = Debug|Any CPU
		{17B9A79D-5F26-4BB0-8F98-EC55C11BF2CB}.Debug|x86.Build.0 = Debug|Any CPU
		{17B9A79D-5F26-4BB0-8F98-EC55C11BF2CB}.Release|Any CPU.ActiveCfg = Release|Any CPU
		{17B9A79D-5F26-4BB0-8F98-EC55C11BF2CB}.Release|Any CPU.Build.0 = Release|Any CPU
		{17B9A79D-5F26-4BB0-8F98-EC55C11BF2CB}.Release|x64.ActiveCfg = Release|Any CPU
		{17B9A79D-5F26-4BB0-8F98-EC55C11BF2CB}.Release|x64.Build.0 = Release|Any CPU
		{17B9A79D-5F26-4BB0-8F98-EC55C11BF2CB}.Release|x86.ActiveCfg = Release|Any CPU
		{17B9A79D-5F26-4BB0-8F98-EC55C11BF2CB}.Release|x86.Build.0 = Release|Any CPU
		{A62EC91C-49E8-44B8-9012-48E2978C728D}.Debug|Any CPU.ActiveCfg = Debug|Any CPU
		{A62EC91C-49E8-44B8-9012-48E2978C728D}.Debug|Any CPU.Build.0 = Debug|Any CPU
		{A62EC91C-49E8-44B8-9012-48E2978C728D}.Debug|x64.ActiveCfg = Debug|Any CPU
		{A62EC91C-49E8-44B8-9012-48E2978C728D}.Debug|x64.Build.0 = Debug|Any CPU
		{A62EC91C-49E8-44B8-9012-48E2978C728D}.Debug|x86.ActiveCfg = Debug|Any CPU
		{A62EC91C-49E8-44B8-9012-48E2978C728D}.Debug|x86.Build.0 = Debug|Any CPU
		{A62EC91C-49E8-44B8-9012-48E2978C728D}.Release|Any CPU.ActiveCfg = Release|Any CPU
		{A62EC91C-49E8-44B8-9012-48E2978C728D}.Release|Any CPU.Build.0 = Release|Any CPU
		{A62EC91C-49E8-44B8-9012-48E2978C728D}.Release|x64.ActiveCfg = Release|Any CPU
		{A62EC91C-49E8-44B8-9012-48E2978C728D}.Release|x64.Build.0 = Release|Any CPU
		{A62EC91C-49E8-44B8-9012-48E2978C728D}.Release|x86.ActiveCfg = Release|Any CPU
		{A62EC91C-49E8-44B8-9012-48E2978C728D}.Release|x86.Build.0 = Release|Any CPU
	EndGlobalSection
	GlobalSection(SolutionProperties) = preSolution
		HideSolutionNode = FALSE
	EndGlobalSection
	GlobalSection(NestedProjects) = preSolution
		{17B9A79D-5F26-4BB0-8F98-EC55C11BF2CB} = {252AC0B2-AE7D-4714-AFE9-6AAB82DA366A}
		{A62EC91C-49E8-44B8-9012-48E2978C728D} = {252AC0B2-AE7D-4714-AFE9-6AAB82DA366A}
	EndGlobalSection
	GlobalSection(ExtensibilityGlobals) = postSolution
		SolutionGuid = {551903BF-B645-464F-A39C-B7100C5DCF3F}
	EndGlobalSection
EndGlobal
